PODS:
  - AVOSCloud (11.5.1)
  - AVOSCloudIM (11.5.1):
    - AVOSCloud (= 11.5.1)
    - AVOSCloudIM/_ARC (= 11.5.1)
    - AVOSCloudIM/_NOARC (= 11.5.1)
  - AVOSCloudIM/_ARC (11.5.1):
    - AVOSCloud (= 11.5.1)
    - AVOSCloudIM/_NOARC (= 11.5.1)
  - AVOSCloudIM/_NOARC (11.5.1):
    - AVOSCloud (= 11.5.1)
  - TCBlobDownload (2.1.1)
  - wax (1.2.1)

DEPENDENCIES:
  - AVOSCloud
  - AVOSCloudIM
  - TCBlobDownload
  - wax (from `https://github.com/alibaba/wax.git`)

SPEC REPOS:
  https://github.com/cocoapods/specs.git:
    - AVOSCloud
    - AVOSCloudIM
    - TCBlobDownload

EXTERNAL SOURCES:
  wax:
    :git: https://github.com/alibaba/wax.git

CHECKOUT OPTIONS:
  wax:
    :commit: 0267d9f895fb605e91a7086b7eb746087b682103
    :git: https://github.com/alibaba/wax.git

SPEC CHECKSUMS:
  AVOSCloud: 3a337ec2290fe3b4411cd4098895323bc5a1133c
  AVOSCloudIM: dd3ce21e697dd8af78645cee27c31d0e29121f14
  TCBlobDownload: 8726f054cc00bb5f66a57bb0c99764842dfa5c9f
  wax: 85f4b93dbbfa123ee592c458a0ce289d561e4704

PODFILE CHECKSUM: 08bffbc9a6ce22dc0dd70d14b5208f1ae7b4c1f9

COCOAPODS: 1.5.3
