// !$*UTF8*$!
{
	archiveVersion = 1;
	classes = {
	};
	objectVersion = 50;
	objects = {

/* Begin PBXBuildFile section */
		942513112230F42200FACD96 /* AppDelegate.m in Sources */ = {isa = PBXBuildFile; fileRef = 942513102230F42200FACD96 /* AppDelegate.m */; };
		942513142230F42200FACD96 /* ViewController.m in Sources */ = {isa = PBXBuildFile; fileRef = 942513132230F42200FACD96 /* ViewController.m */; };
		942513172230F42200FACD96 /* Main.storyboard in Resources */ = {isa = PBXBuildFile; fileRef = 942513152230F42200FACD96 /* Main.storyboard */; };
		942513192230F42300FACD96 /* Assets.xcassets in Resources */ = {isa = PBXBuildFile; fileRef = 942513182230F42300FACD96 /* Assets.xcassets */; };
		9425131C2230F42300FACD96 /* LaunchScreen.storyboard in Resources */ = {isa = PBXBuildFile; fileRef = 9425131A2230F42300FACD96 /* LaunchScreen.storyboard */; };
		9425131F2230F42300FACD96 /* main.m in Sources */ = {isa = PBXBuildFile; fileRef = 9425131E2230F42300FACD96 /* main.m */; };
		942513262231117300FACD96 /* hello.lua in Resources */ = {isa = PBXBuildFile; fileRef = 942513252231117300FACD96 /* hello.lua */; };
		94251329223111BC00FACD96 /* ViewController.lua in Resources */ = {isa = PBXBuildFile; fileRef = 94251328223111BC00FACD96 /* ViewController.lua */; };
		FACBDBA61F6ACF9A9A52E755 /* libPods-testLua.a in Frameworks */ = {isa = PBXBuildFile; fileRef = F1037CB87F095D7436B21483 /* libPods-testLua.a */; };
/* End PBXBuildFile section */

/* Begin PBXFileReference section */
		646B21F9219BE442A0950B54 /* Pods-testLua.release.xcconfig */ = {isa = PBXFileReference; includeInIndex = 1; lastKnownFileType = text.xcconfig; name = "Pods-testLua.release.xcconfig"; path = "Pods/Target Support Files/Pods-testLua/Pods-testLua.release.xcconfig"; sourceTree = "<group>"; };
		9425130C2230F42200FACD96 /* testLua.app */ = {isa = PBXFileReference; explicitFileType = wrapper.application; includeInIndex = 0; path = testLua.app; sourceTree = BUILT_PRODUCTS_DIR; };
		9425130F2230F42200FACD96 /* AppDelegate.h */ = {isa = PBXFileReference; lastKnownFileType = sourcecode.c.h; path = AppDelegate.h; sourceTree = "<group>"; };
		942513102230F42200FACD96 /* AppDelegate.m */ = {isa = PBXFileReference; lastKnownFileType = sourcecode.c.objc; path = AppDelegate.m; sourceTree = "<group>"; };
		942513122230F42200FACD96 /* ViewController.h */ = {isa = PBXFileReference; lastKnownFileType = sourcecode.c.h; path = ViewController.h; sourceTree = "<group>"; };
		942513132230F42200FACD96 /* ViewController.m */ = {isa = PBXFileReference; lastKnownFileType = sourcecode.c.objc; path = ViewController.m; sourceTree = "<group>"; };
		942513162230F42200FACD96 /* Base */ = {isa = PBXFileReference; lastKnownFileType = file.storyboard; name = Base; path = Base.lproj/Main.storyboard; sourceTree = "<group>"; };
		942513182230F42300FACD96 /* Assets.xcassets */ = {isa = PBXFileReference; lastKnownFileType = folder.assetcatalog; path = Assets.xcassets; sourceTree = "<group>"; };
		9425131B2230F42300FACD96 /* Base */ = {isa = PBXFileReference; lastKnownFileType = file.storyboard; name = Base; path = Base.lproj/LaunchScreen.storyboard; sourceTree = "<group>"; };
		9425131D2230F42300FACD96 /* Info.plist */ = {isa = PBXFileReference; lastKnownFileType = text.plist.xml; path = Info.plist; sourceTree = "<group>"; };
		9425131E2230F42300FACD96 /* main.m */ = {isa = PBXFileReference; lastKnownFileType = sourcecode.c.objc; path = main.m; sourceTree = "<group>"; };
		942513252231117300FACD96 /* hello.lua */ = {isa = PBXFileReference; lastKnownFileType = text; path = hello.lua; sourceTree = "<group>"; };
		94251328223111BC00FACD96 /* ViewController.lua */ = {isa = PBXFileReference; lastKnownFileType = text; path = ViewController.lua; sourceTree = "<group>"; };
		BE01423C61FDE65FE63FBA74 /* Pods-testLua.debug.xcconfig */ = {isa = PBXFileReference; includeInIndex = 1; lastKnownFileType = text.xcconfig; name = "Pods-testLua.debug.xcconfig"; path = "Pods/Target Support Files/Pods-testLua/Pods-testLua.debug.xcconfig"; sourceTree = "<group>"; };
		F1037CB87F095D7436B21483 /* libPods-testLua.a */ = {isa = PBXFileReference; explicitFileType = archive.ar; includeInIndex = 0; path = "libPods-testLua.a"; sourceTree = BUILT_PRODUCTS_DIR; };
/* End PBXFileReference section */

/* Begin PBXFrameworksBuildPhase section */
		942513092230F42200FACD96 /* Frameworks */ = {
			isa = PBXFrameworksBuildPhase;
			buildActionMask = 2147483647;
			files = (
				FACBDBA61F6ACF9A9A52E755 /* libPods-testLua.a in Frameworks */,
			);
			runOnlyForDeploymentPostprocessing = 0;
		};
/* End PBXFrameworksBuildPhase section */

/* Begin PBXGroup section */
		942513032230F42200FACD96 = {
			isa = PBXGroup;
			children = (
				9425130E2230F42200FACD96 /* testLua */,
				9425130D2230F42200FACD96 /* Products */,
				EEB4528A19BCDB4655EE15EA /* Pods */,
				B694DF899F1681867E36D043 /* Frameworks */,
			);
			sourceTree = "<group>";
		};
		9425130D2230F42200FACD96 /* Products */ = {
			isa = PBXGroup;
			children = (
				9425130C2230F42200FACD96 /* testLua.app */,
			);
			name = Products;
			sourceTree = "<group>";
		};
		9425130E2230F42200FACD96 /* testLua */ = {
			isa = PBXGroup;
			children = (
				942513272231117C00FACD96 /* Lua */,
				9425130F2230F42200FACD96 /* AppDelegate.h */,
				942513102230F42200FACD96 /* AppDelegate.m */,
				942513122230F42200FACD96 /* ViewController.h */,
				942513132230F42200FACD96 /* ViewController.m */,
				942513152230F42200FACD96 /* Main.storyboard */,
				942513182230F42300FACD96 /* Assets.xcassets */,
				9425131A2230F42300FACD96 /* LaunchScreen.storyboard */,
				9425131D2230F42300FACD96 /* Info.plist */,
				9425131E2230F42300FACD96 /* main.m */,
			);
			path = testLua;
			sourceTree = "<group>";
		};
		942513272231117C00FACD96 /* Lua */ = {
			isa = PBXGroup;
			children = (
				942513252231117300FACD96 /* hello.lua */,
				94251328223111BC00FACD96 /* ViewController.lua */,
			);
			path = Lua;
			sourceTree = "<group>";
		};
		B694DF899F1681867E36D043 /* Frameworks */ = {
			isa = PBXGroup;
			children = (
				F1037CB87F095D7436B21483 /* libPods-testLua.a */,
			);
			name = Frameworks;
			sourceTree = "<group>";
		};
		EEB4528A19BCDB4655EE15EA /* Pods */ = {
			isa = PBXGroup;
			children = (
				BE01423C61FDE65FE63FBA74 /* Pods-testLua.debug.xcconfig */,
				646B21F9219BE442A0950B54 /* Pods-testLua.release.xcconfig */,
			);
			name = Pods;
			sourceTree = "<group>";
		};
/* End PBXGroup section */

/* Begin PBXNativeTarget section */
		9425130B2230F42200FACD96 /* testLua */ = {
			isa = PBXNativeTarget;
			buildConfigurationList = 942513222230F42300FACD96 /* Build configuration list for PBXNativeTarget "testLua" */;
			buildPhases = (
				18E08894A8C39CAECFBF8334 /* [CP] Check Pods Manifest.lock */,
				942513082230F42200FACD96 /* Sources */,
				942513092230F42200FACD96 /* Frameworks */,
				9425130A2230F42200FACD96 /* Resources */,
			);
			buildRules = (
			);
			dependencies = (
			);
			name = testLua;
			productName = testLua;
			productReference = 9425130C2230F42200FACD96 /* testLua.app */;
			productType = "com.apple.product-type.application";
		};
/* End PBXNativeTarget section */

/* Begin PBXProject section */
		942513042230F42200FACD96 /* Project object */ = {
			isa = PBXProject;
			attributes = {
				LastUpgradeCheck = 1010;
				ORGANIZATIONNAME = Wu;
				TargetAttributes = {
					9425130B2230F42200FACD96 = {
						CreatedOnToolsVersion = 10.1;
					};
				};
			};
			buildConfigurationList = 942513072230F42200FACD96 /* Build configuration list for PBXProject "testLua" */;
			compatibilityVersion = "Xcode 9.3";
			developmentRegion = en;
			hasScannedForEncodings = 0;
			knownRegions = (
				en,
				Base,
			);
			mainGroup = 942513032230F42200FACD96;
			productRefGroup = 9425130D2230F42200FACD96 /* Products */;
			projectDirPath = "";
			projectRoot = "";
			targets = (
				9425130B2230F42200FACD96 /* testLua */,
			);
		};
/* End PBXProject section */

/* Begin PBXResourcesBuildPhase section */
		9425130A2230F42200FACD96 /* Resources */ = {
			isa = PBXResourcesBuildPhase;
			buildActionMask = 2147483647;
			files = (
				94251329223111BC00FACD96 /* ViewController.lua in Resources */,
				9425131C2230F42300FACD96 /* LaunchScreen.storyboard in Resources */,
				942513262231117300FACD96 /* hello.lua in Resources */,
				942513192230F42300FACD96 /* Assets.xcassets in Resources */,
				942513172230F42200FACD96 /* Main.storyboard in Resources */,
			);
			runOnlyForDeploymentPostprocessing = 0;
		};
/* End PBXResourcesBuildPhase section */

/* Begin PBXShellScriptBuildPhase section */
		18E08894A8C39CAECFBF8334 /* [CP] Check Pods Manifest.lock */ = {
			isa = PBXShellScriptBuildPhase;
			buildActionMask = 2147483647;
			files = (
			);
			inputPaths = (
				"${PODS_PODFILE_DIR_PATH}/Podfile.lock",
				"${PODS_ROOT}/Manifest.lock",
			);
			name = "[CP] Check Pods Manifest.lock";
			outputPaths = (
				"$(DERIVED_FILE_DIR)/Pods-testLua-checkManifestLockResult.txt",
			);
			runOnlyForDeploymentPostprocessing = 0;
			shellPath = /bin/sh;
			shellScript = "diff \"${PODS_PODFILE_DIR_PATH}/Podfile.lock\" \"${PODS_ROOT}/Manifest.lock\" > /dev/null\nif [ $? != 0 ] ; then\n    # print error to STDERR\n    echo \"error: The sandbox is not in sync with the Podfile.lock. Run 'pod install' or update your CocoaPods installation.\" >&2\n    exit 1\nfi\n# This output is used by Xcode 'outputs' to avoid re-running this script phase.\necho \"SUCCESS\" > \"${SCRIPT_OUTPUT_FILE_0}\"\n";
			showEnvVarsInLog = 0;
		};
/* End PBXShellScriptBuildPhase section */

/* Begin PBXSourcesBuildPhase section */
		942513082230F42200FACD96 /* Sources */ = {
			isa = PBXSourcesBuildPhase;
			buildActionMask = 2147483647;
			files = (
				942513142230F42200FACD96 /* ViewController.m in Sources */,
				9425131F2230F42300FACD96 /* main.m in Sources */,
				942513112230F42200FACD96 /* AppDelegate.m in Sources */,
			);
			runOnlyForDeploymentPostprocessing = 0;
		};
/* End PBXSourcesBuildPhase section */

/* Begin PBXVariantGroup section */
		942513152230F42200FACD96 /* Main.storyboard */ = {
			isa = PBXVariantGroup;
			children = (
				942513162230F42200FACD96 /* Base */,
			);
			name = Main.storyboard;
			sourceTree = "<group>";
		};
		9425131A2230F42300FACD96 /* LaunchScreen.storyboard */ = {
			isa = PBXVariantGroup;
			children = (
				9425131B2230F42300FACD96 /* Base */,
			);
			name = LaunchScreen.storyboard;
			sourceTree = "<group>";
		};
/* End PBXVariantGroup section */

/* Begin XCBuildConfiguration section */
		942513202230F42300FACD96 /* Debug */ = {
			isa = XCBuildConfiguration;
			buildSettings = {
				ALWAYS_SEARCH_USER_PATHS = NO;
				CLANG_ANALYZER_NONNULL = YES;
				CLANG_ANALYZER_NUMBER_OBJECT_CONVERSION = YES_AGGRESSIVE;
				CLANG_CXX_LANGUAGE_STANDARD = "gnu++14";
				CLANG_CXX_LIBRARY = "libc++";
				CLANG_ENABLE_MODULES = YES;
				CLANG_ENABLE_OBJC_ARC = YES;
				CLANG_ENABLE_OBJC_WEAK = YES;
				CLANG_WARN_BLOCK_CAPTURE_AUTORELEASING = YES;
				CLANG_WARN_BOOL_CONVERSION = YES;
				CLANG_WARN_COMMA = YES;
				CLANG_WARN_CONSTANT_CONVERSION = YES;
				CLANG_WARN_DEPRECATED_OBJC_IMPLEMENTATIONS = YES;
				CLANG_WARN_DIRECT_OBJC_ISA_USAGE = YES_ERROR;
				CLANG_WARN_DOCUMENTATION_COMMENTS = YES;
				CLANG_WARN_EMPTY_BODY = YES;
				CLANG_WARN_ENUM_CONVERSION = YES;
				CLANG_WARN_INFINITE_RECURSION = YES;
				CLANG_WARN_INT_CONVERSION = YES;
				CLANG_WARN_NON_LITERAL_NULL_CONVERSION = YES;
				CLANG_WARN_OBJC_IMPLICIT_RETAIN_SELF = YES;
				CLANG_WARN_OBJC_LITERAL_CONVERSION = YES;
				CLANG_WARN_OBJC_ROOT_CLASS = YES_ERROR;
				CLANG_WARN_RANGE_LOOP_ANALYSIS = YES;
				CLANG_WARN_STRICT_PROTOTYPES = YES;
				CLANG_WARN_SUSPICIOUS_MOVE = YES;
				CLANG_WARN_UNGUARDED_AVAILABILITY = YES_AGGRESSIVE;
				CLANG_WARN_UNREACHABLE_CODE = YES;
				CLANG_WARN__DUPLICATE_METHOD_MATCH = YES;
				CODE_SIGN_IDENTITY = "iPhone Developer";
				COPY_PHASE_STRIP = NO;
				DEBUG_INFORMATION_FORMAT = dwarf;
				ENABLE_STRICT_OBJC_MSGSEND = YES;
				ENABLE_TESTABILITY = YES;
				GCC_C_LANGUAGE_STANDARD = gnu11;
				GCC_DYNAMIC_NO_PIC = NO;
				GCC_NO_COMMON_BLOCKS = YES;
				GCC_OPTIMIZATION_LEVEL = 0;
				GCC_PREPROCESSOR_DEFINITIONS = (
					"DEBUG=1",
					"$(inherited)",
				);
				GCC_WARN_64_TO_32_BIT_CONVERSION = YES;
				GCC_WARN_ABOUT_RETURN_TYPE = YES_ERROR;
				GCC_WARN_UNDECLARED_SELECTOR = YES;
				GCC_WARN_UNINITIALIZED_AUTOS = YES_AGGRESSIVE;
				GCC_WARN_UNUSED_FUNCTION = YES;
				GCC_WARN_UNUSED_VARIABLE = YES;
				IPHONEOS_DEPLOYMENT_TARGET = 12.1;
				MTL_ENABLE_DEBUG_INFO = INCLUDE_SOURCE;
				MTL_FAST_MATH = YES;
				ONLY_ACTIVE_ARCH = YES;
				SDKROOT = iphoneos;
			};
			name = Debug;
		};
		942513212230F42300FACD96 /* Release */ = {
			isa = XCBuildConfiguration;
			buildSettings = {
				ALWAYS_SEARCH_USER_PATHS = NO;
				CLANG_ANALYZER_NONNULL = YES;
				CLANG_ANALYZER_NUMBER_OBJECT_CONVERSION = YES_AGGRESSIVE;
				CLANG_CXX_LANGUAGE_STANDARD = "gnu++14";
				CLANG_CXX_LIBRARY = "libc++";
				CLANG_ENABLE_MODULES = YES;
				CLANG_ENABLE_OBJC_ARC = YES;
				CLANG_ENABLE_OBJC_WEAK = YES;
				CLANG_WARN_BLOCK_CAPTURE_AUTORELEASING = YES;
				CLANG_WARN_BOOL_CONVERSION = YES;
				CLANG_WARN_COMMA = YES;
				CLANG_WARN_CONSTANT_CONVERSION = YES;
				CLANG_WARN_DEPRECATED_OBJC_IMPLEMENTATIONS = YES;
				CLANG_WARN_DIRECT_OBJC_ISA_USAGE = YES_ERROR;
				CLANG_WARN_DOCUMENTATION_COMMENTS = YES;
				CLANG_WARN_EMPTY_BODY = YES;
				CLANG_WARN_ENUM_CONVERSION = YES;
				CLANG_WARN_INFINITE_RECURSION = YES;
				CLANG_WARN_INT_CONVERSION = YES;
				CLANG_WARN_NON_LITERAL_NULL_CONVERSION = YES;
				CLANG_WARN_OBJC_IMPLICIT_RETAIN_SELF = YES;
				CLANG_WARN_OBJC_LITERAL_CONVERSION = YES;
				CLANG_WARN_OBJC_ROOT_CLASS = YES_ERROR;
				CLANG_WARN_RANGE_LOOP_ANALYSIS = YES;
				CLANG_WARN_STRICT_PROTOTYPES = YES;
				CLANG_WARN_SUSPICIOUS_MOVE = YES;
				CLANG_WARN_UNGUARDED_AVAILABILITY = YES_AGGRESSIVE;
				CLANG_WARN_UNREACHABLE_CODE = YES;
				CLANG_WARN__DUPLICATE_METHOD_MATCH = YES;
				CODE_SIGN_IDENTITY = "iPhone Developer";
				COPY_PHASE_STRIP = NO;
				DEBUG_INFORMATION_FORMAT = "dwarf-with-dsym";
				ENABLE_NS_ASSERTIONS = NO;
				ENABLE_STRICT_OBJC_MSGSEND = YES;
				GCC_C_LANGUAGE_STANDARD = gnu11;
				GCC_NO_COMMON_BLOCKS = YES;
				GCC_WARN_64_TO_32_BIT_CONVERSION = YES;
				GCC_WARN_ABOUT_RETURN_TYPE = YES_ERROR;
				GCC_WARN_UNDECLARED_SELECTOR = YES;
				GCC_WARN_UNINITIALIZED_AUTOS = YES_AGGRESSIVE;
				GCC_WARN_UNUSED_FUNCTION = YES;
				GCC_WARN_UNUSED_VARIABLE = YES;
				IPHONEOS_DEPLOYMENT_TARGET = 12.1;
				MTL_ENABLE_DEBUG_INFO = NO;
				MTL_FAST_MATH = YES;
				SDKROOT = iphoneos;
				VALIDATE_PRODUCT = YES;
			};
			name = Release;
		};
		942513232230F42300FACD96 /* Debug */ = {
			isa = XCBuildConfiguration;
			baseConfigurationReference = BE01423C61FDE65FE63FBA74 /* Pods-testLua.debug.xcconfig */;
			buildSettings = {
				ASSETCATALOG_COMPILER_APPICON_NAME = AppIcon;
				CODE_SIGN_STYLE = Automatic;
				DEVELOPMENT_TEAM = W34YF8UFY4;
				INFOPLIST_FILE = testLua/Info.plist;
				LD_RUNPATH_SEARCH_PATHS = (
					"$(inherited)",
					"@executable_path/Frameworks",
				);
				PRODUCT_BUNDLE_IDENTIFIER = com.PPAP.testLua;
				PRODUCT_NAME = "$(TARGET_NAME)";
				TARGETED_DEVICE_FAMILY = "1,2";
			};
			name = Debug;
		};
		942513242230F42300FACD96 /* Release */ = {
			isa = XCBuildConfiguration;
			baseConfigurationReference = 646B21F9219BE442A0950B54 /* Pods-testLua.release.xcconfig */;
			buildSettings = {
				ASSETCATALOG_COMPILER_APPICON_NAME = AppIcon;
				CODE_SIGN_STYLE = Automatic;
				DEVELOPMENT_TEAM = W34YF8UFY4;
				INFOPLIST_FILE = testLua/Info.plist;
				LD_RUNPATH_SEARCH_PATHS = (
					"$(inherited)",
					"@executable_path/Frameworks",
				);
				PRODUCT_BUNDLE_IDENTIFIER = com.PPAP.testLua;
				PRODUCT_NAME = "$(TARGET_NAME)";
				TARGETED_DEVICE_FAMILY = "1,2";
			};
			name = Release;
		};
/* End XCBuildConfiguration section */

/* Begin XCConfigurationList section */
		942513072230F42200FACD96 /* Build configuration list for PBXProject "testLua" */ = {
			isa = XCConfigurationList;
			buildConfigurations = (
				942513202230F42300FACD96 /* Debug */,
				942513212230F42300FACD96 /* Release */,
			);
			defaultConfigurationIsVisible = 0;
			defaultConfigurationName = Release;
		};
		942513222230F42300FACD96 /* Build configuration list for PBXNativeTarget "testLua" */ = {
			isa = XCConfigurationList;
			buildConfigurations = (
				942513232230F42300FACD96 /* Debug */,
				942513242230F42300FACD96 /* Release */,
			);
			defaultConfigurationIsVisible = 0;
			defaultConfigurationName = Release;
		};
/* End XCConfigurationList section */
	};
	rootObject = 942513042230F42200FACD96 /* Project object */;
}
